// !$*UTF8*$!
{
	archiveVersion = 1;
	classes = {
	};
	objectVersion = 46;
	objects = {

/* Begin PBXBuildFile section */
		1516F3701E255EC700C1BC16 /* AppDelegate.swift in Sources */ = {isa = PBXBuildFile; fileRef = 1516F36F1E255EC700C1BC16 /* AppDelegate.swift */; };
		1516F3721E255EC700C1BC16 /* ViewController.swift in Sources */ = {isa = PBXBuildFile; fileRef = 1516F3711E255EC700C1BC16 /* ViewController.swift */; };
		1516F3751E255EC700C1BC16 /* Main.storyboard in Resources */ = {isa = PBXBuildFile; fileRef = 1516F3731E255EC700C1BC16 /* Main.storyboard */; };
		1516F3771E255EC700C1BC16 /* Assets.xcassets in Resources */ = {isa = PBXBuildFile; fileRef = 1516F3761E255EC700C1BC16 /* Assets.xcassets */; };
		1516F37A1E255EC700C1BC16 /* LaunchScreen.storyboard in Resources */ = {isa = PBXBuildFile; fileRef = 1516F3781E255EC700C1BC16 /* LaunchScreen.storyboard */; };
/* End PBXBuildFile section */

/* Begin PBXFileReference section */
		1516F36C1E255EC700C1BC16 /* VerizonImageDownLoader.app */ = {isa = PBXFileReference; explicitFileType = wrapper.application; includeInIndex = 0; path = VerizonImageDownLoader.app; sourceTree = BUILT_PRODUCTS_DIR; };
		1516F36F1E255EC700C1BC16 /* AppDelegate.swift */ = {isa = PBXFileReference; lastKnownFileType = sourcecode.swift; path = AppDelegate.swift; sourceTree = "<group>"; };
		1516F3711E255EC700C1BC16 /* ViewController.swift */ = {isa = PBXFileReference; lastKnownFileType = sourcecode.swift; path = ViewController.swift; sourceTree = "<group>"; };
		1516F3741E255EC700C1BC16 /* Base */ = {isa = PBXFileReference; lastKnownFileType = file.storyboard; name = Base; path = Base.lproj/Main.storyboard; sourceTree = "<group>"; };
		1516F3761E255EC700C1BC16 /* Assets.xcassets */ = {isa = PBXFileReference; lastKnownFileType = folder.assetcatalog; path = Assets.xcassets; sourceTree = "<group>"; };
		1516F3791E255EC700C1BC16 /* Base */ = {isa = PBXFileReference; lastKnownFileType = file.storyboard; name = Base; path = Base.lproj/LaunchScreen.storyboard; sourceTree = "<group>"; };
		1516F37B1E255EC700C1BC16 /* Info.plist */ = {isa = PBXFileReference; lastKnownFileType = text.plist.xml; path = Info.plist; sourceTree = "<group>"; };
/* End PBXFileReference section */

/* Begin PBXFrameworksBuildPhase section */
		1516F3691E255EC700C1BC16 /* Frameworks */ = {
			isa = PBXFrameworksBuildPhase;
			buildActionMask = 2147483647;
			files = (
			);
			runOnlyForDeploymentPostprocessing = 0;
		};
/* End PBXFrameworksBuildPhase section */

/* Begin PBXGroup section */
		1516F3631E255EC700C1BC16 = {
			isa = PBXGroup;
			children = (
				1516F36E1E255EC700C1BC16 /* VerizonImageDownLoader */,
				1516F36D1E255EC700C1BC16 /* Products */,
			);
			sourceTree = "<group>";
		};
		1516F36D1E255EC700C1BC16 /* Products */ = {
			isa = PBXGroup;
			children = (
				1516F36C1E255EC700C1BC16 /* VerizonImageDownLoader.app */,
			);
			name = Products;
			sourceTree = "<group>";
		};
		1516F36E1E255EC700C1BC16 /* VerizonImageDownLoader */ = {
			isa = PBXGroup;
			children = (
				1516F36F1E255EC700C1BC16 /* AppDelegate.swift */,
				1516F3711E255EC700C1BC16 /* ViewController.swift */,
				1516F3731E255EC700C1BC16 /* Main.storyboard */,
				1516F3761E255EC700C1BC16 /* Assets.xcassets */,
				1516F3781E255EC700C1BC16 /* LaunchScreen.storyboard */,
				1516F37B1E255EC700C1BC16 /* Info.plist */,
			);
			path = VerizonImageDownLoader;
			sourceTree = "<group>";
		};
/* End PBXGroup section */

/* Begin PBXNativeTarget section */
		1516F36B1E255EC700C1BC16 /* VerizonImageDownLoader */ = {
			isa = PBXNativeTarget;
			buildConfigurationList = 1516F37E1E255EC700C1BC16 /* Build configuration list for PBXNativeTarget "VerizonImageDownLoader" */;
			buildPhases = (
				1516F3681E255EC700C1BC16 /* Sources */,
				1516F3691E255EC700C1BC16 /* Frameworks */,
				1516F36A1E255EC700C1BC16 /* Resources */,
			);
			buildRules = (
			);
			dependencies = (
			);
			name = VerizonImageDownLoader;
			productName = VerizonImageDownLoader;
			productReference = 1516F36C1E255EC700C1BC16 /* VerizonImageDownLoader.app */;
			productType = "com.apple.product-type.application";
		};
/* End PBXNativeTarget section */

/* Begin PBXProject section */
		1516F3641E255EC700C1BC16 /* Project object */ = {
			isa = PBXProject;
			attributes = {
				LastSwiftUpdateCheck = 0820;
				LastUpgradeCheck = 0820;
				ORGANIZATIONNAME = Verizon;
				TargetAttributes = {
					1516F36B1E255EC700C1BC16 = {
						CreatedOnToolsVersion = 8.2;
						ProvisioningStyle = Automatic;
					};
				};
			};
			buildConfigurationList = 1516F3671E255EC700C1BC16 /* Build configuration list for PBXProject "VerizonImageDownLoader" */;
			compatibilityVersion = "Xcode 3.2";
			developmentRegion = English;
			hasScannedForEncodings = 0;
			knownRegions = (
				en,
				Base,
			);
			mainGroup = 1516F3631E255EC700C1BC16;
			productRefGroup = 1516F36D1E255EC700C1BC16 /* Products */;
			projectDirPath = "";
			projectRoot = "";
			targets = (
				1516F36B1E255EC700C1BC16 /* VerizonImageDownLoader */,
			);
		};
/* End PBXProject section */

/* Begin PBXResourcesBuildPhase section */
		1516F36A1E255EC700C1BC16 /* Resources */ = {
			isa = PBXResourcesBuildPhase;
			buildActionMask = 2147483647;
			files = (
				1516F37A1E255EC700C1BC16 /* LaunchScreen.storyboard in Resources */,
				1516F3771E255EC700C1BC16 /* Assets.xcassets in Resources */,
				1516F3751E255EC700C1BC16 /* Main.storyboard in Resources */,
			);
			runOnlyForDeploymentPostprocessing = 0;
		};
/* End PBXResourcesBuildPhase section */

/* Begin PBXSourcesBuildPhase section */
		1516F3681E255EC700C1BC16 /* Sources */ = {
			isa = PBXSourcesBuildPhase;
			buildActionMask = 2147483647;
			files = (
				1516F3721E255EC700C1BC16 /* ViewController.swift in Sources */,
				1516F3701E255EC700C1BC16 /* AppDelegate.swift in Sources */,
			);
			runOnlyForDeploymentPostprocessing = 0;
		};
/* End PBXSourcesBuildPhase section */

/* Begin PBXVariantGroup section */
		1516F3731E255EC700C1BC16 /* Main.storyboard */ = {
			isa = PBXVariantGroup;
			children = (
				1516F3741E255EC700C1BC16 /* Base */,
			);
			name = Main.storyboard;
			sourceTree = "<group>";
		};
		1516F3781E255EC700C1BC16 /* LaunchScreen.storyboard */ = {
			isa = PBXVariantGroup;
			children = (
				1516F3791E255EC700C1BC16 /* Base */,
			);
			name = LaunchScreen.storyboard;
			sourceTree = "<group>";
		};
/* End PBXVariantGroup section */

/* Begin XCBuildConfiguration section */
		1516F37C1E255EC700C1BC16 /* Debug */ = {
			isa = XCBuildConfiguration;
			buildSettings = {
				ALWAYS_SEARCH_USER_PATHS = NO;
				CLANG_ANALYZER_NONNULL = YES;
				CLANG_CXX_LANGUAGE_STANDARD = "gnu++0x";
				CLANG_CXX_LIBRARY = "libc++";
				CLANG_ENABLE_MODULES = YES;
				CLANG_ENABLE_OBJC_ARC = YES;
				CLANG_WARN_BOOL_CONVERSION = YES;
				CLANG_WARN_CONSTANT_CONVERSION = YES;
				CLANG_WARN_DIRECT_OBJC_ISA_USAGE = YES_ERROR;
				CLANG_WARN_DOCUMENTATION_COMMENTS = YES;
				CLANG_WARN_EMPTY_BODY = YES;
				CLANG_WARN_ENUM_CONVERSION = YES;
				CLANG_WARN_INFINITE_RECURSION = YES;
				CLANG_WARN_INT_CONVERSION = YES;
				CLANG_WARN_OBJC_ROOT_CLASS = YES_ERROR;
				CLANG_WARN_SUSPICIOUS_MOVE = YES;
				CLANG_WARN_UNREACHABLE_CODE = YES;
				CLANG_WARN__DUPLICATE_METHOD_MATCH = YES;
				"CODE_SIGN_IDENTITY[sdk=iphoneos*]" = "iPhone Developer";
				COPY_PHASE_STRIP = NO;
				DEBUG_INFORMATION_FORMAT = dwarf;
				ENABLE_STRICT_OBJC_MSGSEND = YES;
				ENABLE_TESTABILITY = YES;
				GCC_C_LANGUAGE_STANDARD = gnu99;
				GCC_DYNAMIC_NO_PIC = NO;
				GCC_NO_COMMON_BLOCKS = YES;
				GCC_OPTIMIZATION_LEVEL = 0;
				GCC_PREPROCESSOR_DEFINITIONS = (
					"DEBUG=1",
					"$(inherited)",
				);
				GCC_WARN_64_TO_32_BIT_CONVERSION = YES;
				GCC_WARN_ABOUT_RETURN_TYPE = YES_ERROR;
				GCC_WARN_UNDECLARED_SELECTOR = YES;
				GCC_WARN_UNINITIALIZED_AUTOS = YES_AGGRESSIVE;
				GCC_WARN_UNUSED_FUNCTION = YES;
				GCC_WARN_UNUSED_VARIABLE = YES;
				IPHONEOS_DEPLOYMENT_TARGET = 10.2;
				MTL_ENABLE_DEBUG_INFO = YES;
				ONLY_ACTIVE_ARCH = YES;
				SDKROOT = iphoneos;
				SWIFT_ACTIVE_COMPILATION_CONDITIONS = DEBUG;
				SWIFT_OPTIMIZATION_LEVEL = "-Onone";
				TARGETED_DEVICE_FAMILY = "1,2";
			};
			name = Debug;
		};
		1516F37D1E255EC700C1BC16 /* Release */ = {
			isa = XCBuildConfiguration;
			buildSettings = {
				ALWAYS_SEARCH_USER_PATHS = NO;
				CLANG_ANALYZER_NONNULL = YES;
				CLANG_CXX_LANGUAGE_STANDARD = "gnu++0x";
				CLANG_CXX_LIBRARY = "libc++";
				CLANG_ENABLE_MODULES = YES;
				CLANG_ENABLE_OBJC_ARC = YES;
				CLANG_WARN_BOOL_CONVERSION = YES;
				CLANG_WARN_CONSTANT_CONVERSION = YES;
				CLANG_WARN_DIRECT_OBJC_ISA_USAGE = YES_ERROR;
				CLANG_WARN_DOCUMENTATION_COMMENTS = YES;
				CLANG_WARN_EMPTY_BODY = YES;
				CLANG_WARN_ENUM_CONVERSION = YES;
				CLANG_WARN_INFINITE_RECURSION = YES;
				CLANG_WARN_INT_CONVERSION = YES;
				CLANG_WARN_OBJC_ROOT_CLASS = YES_ERROR;
				CLANG_WARN_SUSPICIOUS_MOVE = YES;
				CLANG_WARN_UNREACHABLE_CODE = YES;
				CLANG_WARN__DUPLICATE_METHOD_MATCH = YES;
				"CODE_SIGN_IDENTITY[sdk=iphoneos*]" = "iPhone Developer";
				COPY_PHASE_STRIP = NO;
				DEBUG_INFORMATION_FORMAT = "dwarf-with-dsym";
				ENABLE_NS_ASSERTIONS = NO;
				ENABLE_STRICT_OBJC_MSGSEND = YES;
				GCC_C_LANGUAGE_STANDARD = gnu99;
				GCC_NO_COMMON_BLOCKS = YES;
				GCC_WARN_64_TO_32_BIT_CONVERSION = YES;
				GCC_WARN_ABOUT_RETURN_TYPE = YES_ERROR;
				GCC_WARN_UNDECLARED_SELECTOR = YES;
				GCC_WARN_UNINITIALIZED_AUTOS = YES_AGGRESSIVE;
				GCC_WARN_UNUSED_FUNCTION = YES;
				GCC_WARN_UNUSED_VARIABLE = YES;
				IPHONEOS_DEPLOYMENT_TARGET = 10.2;
				MTL_ENABLE_DEBUG_INFO = NO;
				SDKROOT = iphoneos;
				SWIFT_OPTIMIZATION_LEVEL = "-Owholemodule";
				TARGETED_DEVICE_FAMILY = "1,2";
				VALIDATE_PRODUCT = YES;
			};
			name = Release;
		};
		1516F37F1E255EC700C1BC16 /* Debug */ = {
			isa = XCBuildConfiguration;
			buildSettings = {
				ASSETCATALOG_COMPILER_APPICON_NAME = AppIcon;
				INFOPLIST_FILE = VerizonImageDownLoader/Info.plist;
				LD_RUNPATH_SEARCH_PATHS = "$(inherited) @executable_path/Frameworks";
				PRODUCT_BUNDLE_IDENTIFIER = com.Verizon.VerizonImageDownLoader;
				PRODUCT_NAME = "$(TARGET_NAME)";
				SWIFT_VERSION = 3.0;
			};
			name = Debug;
		};
		1516F3801E255EC700C1BC16 /* Release */ = {
			isa = XCBuildConfiguration;
			buildSettings = {
				ASSETCATALOG_COMPILER_APPICON_NAME = AppIcon;
				INFOPLIST_FILE = VerizonImageDownLoader/Info.plist;
				LD_RUNPATH_SEARCH_PATHS = "$(inherited) @executable_path/Frameworks";
				PRODUCT_BUNDLE_IDENTIFIER = com.Verizon.VerizonImageDownLoader;
				PRODUCT_NAME = "$(TARGET_NAME)";
				SWIFT_VERSION = 3.0;
			};
			name = Release;
		};
/* End XCBuildConfiguration section */

/* Begin XCConfigurationList section */
		1516F3671E255EC700C1BC16 /* Build configuration list for PBXProject "VerizonImageDownLoader" */ = {
			isa = XCConfigurationList;
			buildConfigurations = (
				1516F37C1E255EC700C1BC16 /* Debug */,
				1516F37D1E255EC700C1BC16 /* Release */,
			);
			defaultConfigurationIsVisible = 0;
			defaultConfigurationName = Release;
		};
		1516F37E1E255EC700C1BC16 /* Build configuration list for PBXNativeTarget "VerizonImageDownLoader" */ = {
			isa = XCConfigurationList;
			buildConfigurations = (
				1516F37F1E255EC700C1BC16 /* Debug */,
				1516F3801E255EC700C1BC16 /* Release */,
			);
			defaultConfigurationIsVisible = 0;
		};
/* End XCConfigurationList section */
	};
	rootObject = 1516F3641E255EC700C1BC16 /* Project object */;
}
